// !$*UTF8*$!
{
	archiveVersion = 1;
	classes = {
	};
	objectVersion = 51;
	objects = {

/* Begin PBXBuildFile section */
		26425D3025A1CEFA007CED5A /* Core.framework in Frameworks */ = {isa = PBXBuildFile; fileRef = 26425D2F25A1CEFA007CED5A /* Core.framework */; };
		26425D3125A1CEFA007CED5A /* Core.framework in Embed Frameworks */ = {isa = PBXBuildFile; fileRef = 26425D2F25A1CEFA007CED5A /* Core.framework */; settings = {ATTRIBUTES = (CodeSignOnCopy, RemoveHeadersOnCopy, ); }; };
		26425D3325A1CF0A007CED5A /* Pods_Submission1GameApp.framework in Frameworks */ = {isa = PBXBuildFile; fileRef = 22A92153EB5A896B92C4F236 /* Pods_Submission1GameApp.framework */; };
		26425D3625A1CF26007CED5A /* Games.framework in Frameworks */ = {isa = PBXBuildFile; fileRef = 26425D3525A1CF26007CED5A /* Games.framework */; };
		26425D3725A1CF26007CED5A /* Games.framework in Embed Frameworks */ = {isa = PBXBuildFile; fileRef = 26425D3525A1CF26007CED5A /* Games.framework */; settings = {ATTRIBUTES = (CodeSignOnCopy, RemoveHeadersOnCopy, ); }; };
		26425D3925A1CF34007CED5A /* Favorite.framework in Frameworks */ = {isa = PBXBuildFile; fileRef = 26425D3825A1CF34007CED5A /* Favorite.framework */; };
		26425D3A25A1CF34007CED5A /* Favorite.framework in Embed Frameworks */ = {isa = PBXBuildFile; fileRef = 26425D3825A1CF34007CED5A /* Favorite.framework */; settings = {ATTRIBUTES = (CodeSignOnCopy, RemoveHeadersOnCopy, ); }; };
		26425D4C25A1CF3C007CED5A /* Profile.framework in Frameworks */ = {isa = PBXBuildFile; fileRef = 26425D4B25A1CF3C007CED5A /* Profile.framework */; };
		26425D4D25A1CF3C007CED5A /* Profile.framework in Embed Frameworks */ = {isa = PBXBuildFile; fileRef = 26425D4B25A1CF3C007CED5A /* Profile.framework */; settings = {ATTRIBUTES = (CodeSignOnCopy, RemoveHeadersOnCopy, ); }; };
		266B2743256177C400D5D75E /* SwinjectStoryboard+Extention.swift in Sources */ = {isa = PBXBuildFile; fileRef = 266B2742256177C400D5D75E /* SwinjectStoryboard+Extention.swift */; };
		26C3A41224D546410011FBA6 /* AppDelegate.swift in Sources */ = {isa = PBXBuildFile; fileRef = 26C3A41124D546410011FBA6 /* AppDelegate.swift */; };
		26C3A41424D546410011FBA6 /* SceneDelegate.swift in Sources */ = {isa = PBXBuildFile; fileRef = 26C3A41324D546410011FBA6 /* SceneDelegate.swift */; };
		26C3A41924D546410011FBA6 /* Main.storyboard in Resources */ = {isa = PBXBuildFile; fileRef = 26C3A41724D546410011FBA6 /* Main.storyboard */; };
		26C3A41B24D546430011FBA6 /* Assets.xcassets in Resources */ = {isa = PBXBuildFile; fileRef = 26C3A41A24D546430011FBA6 /* Assets.xcassets */; };
		26C3A41E24D546430011FBA6 /* LaunchScreen.storyboard in Resources */ = {isa = PBXBuildFile; fileRef = 26C3A41C24D546430011FBA6 /* LaunchScreen.storyboard */; };
		26EEB61525A4B51B0072C3BC /* Submission1GameAppTests.swift in Sources */ = {isa = PBXBuildFile; fileRef = 26EEB61425A4B51B0072C3BC /* Submission1GameAppTests.swift */; };
		26EEB62425A4B52E0072C3BC /* Submission1GameAppUITests.swift in Sources */ = {isa = PBXBuildFile; fileRef = 26EEB62325A4B52E0072C3BC /* Submission1GameAppUITests.swift */; };
/* End PBXBuildFile section */

/* Begin PBXContainerItemProxy section */
		26EEB61725A4B51B0072C3BC /* PBXContainerItemProxy */ = {
			isa = PBXContainerItemProxy;
			containerPortal = 26C3A40624D546410011FBA6 /* Project object */;
			proxyType = 1;
			remoteGlobalIDString = 26C3A40D24D546410011FBA6;
			remoteInfo = Submission1GameApp;
		};
		26EEB62625A4B52E0072C3BC /* PBXContainerItemProxy */ = {
			isa = PBXContainerItemProxy;
			containerPortal = 26C3A40624D546410011FBA6 /* Project object */;
			proxyType = 1;
			remoteGlobalIDString = 26C3A40D24D546410011FBA6;
			remoteInfo = Submission1GameApp;
		};
/* End PBXContainerItemProxy section */

/* Begin PBXCopyFilesBuildPhase section */
		26425D3225A1CEFA007CED5A /* Embed Frameworks */ = {
			isa = PBXCopyFilesBuildPhase;
			buildActionMask = 2147483647;
			dstPath = "";
			dstSubfolderSpec = 10;
			files = (
				26425D3A25A1CF34007CED5A /* Favorite.framework in Embed Frameworks */,
				26425D3725A1CF26007CED5A /* Games.framework in Embed Frameworks */,
				26425D4D25A1CF3C007CED5A /* Profile.framework in Embed Frameworks */,
				26425D3125A1CEFA007CED5A /* Core.framework in Embed Frameworks */,
			);
			name = "Embed Frameworks";
			runOnlyForDeploymentPostprocessing = 0;
		};
/* End PBXCopyFilesBuildPhase section */

/* Begin PBXFileReference section */
		22A92153EB5A896B92C4F236 /* Pods_Submission1GameApp.framework */ = {isa = PBXFileReference; explicitFileType = wrapper.framework; includeInIndex = 0; path = Pods_Submission1GameApp.framework; sourceTree = BUILT_PRODUCTS_DIR; };
		26425D2F25A1CEFA007CED5A /* Core.framework */ = {isa = PBXFileReference; explicitFileType = wrapper.framework; path = Core.framework; sourceTree = BUILT_PRODUCTS_DIR; };
		26425D3525A1CF26007CED5A /* Games.framework */ = {isa = PBXFileReference; explicitFileType = wrapper.framework; path = Games.framework; sourceTree = BUILT_PRODUCTS_DIR; };
		26425D3825A1CF34007CED5A /* Favorite.framework */ = {isa = PBXFileReference; explicitFileType = wrapper.framework; path = Favorite.framework; sourceTree = BUILT_PRODUCTS_DIR; };
		26425D4B25A1CF3C007CED5A /* Profile.framework */ = {isa = PBXFileReference; explicitFileType = wrapper.framework; path = Profile.framework; sourceTree = BUILT_PRODUCTS_DIR; };
		266B2742256177C400D5D75E /* SwinjectStoryboard+Extention.swift */ = {isa = PBXFileReference; lastKnownFileType = sourcecode.swift; path = "SwinjectStoryboard+Extention.swift"; sourceTree = "<group>"; };
		26C3A40E24D546410011FBA6 /* Submission1GameApp.app */ = {isa = PBXFileReference; explicitFileType = wrapper.application; includeInIndex = 0; path = Submission1GameApp.app; sourceTree = BUILT_PRODUCTS_DIR; };
		26C3A41124D546410011FBA6 /* AppDelegate.swift */ = {isa = PBXFileReference; lastKnownFileType = sourcecode.swift; path = AppDelegate.swift; sourceTree = "<group>"; };
		26C3A41324D546410011FBA6 /* SceneDelegate.swift */ = {isa = PBXFileReference; lastKnownFileType = sourcecode.swift; path = SceneDelegate.swift; sourceTree = "<group>"; };
		26C3A41824D546410011FBA6 /* Base */ = {isa = PBXFileReference; lastKnownFileType = file.storyboard; name = Base; path = Base.lproj/Main.storyboard; sourceTree = "<group>"; };
		26C3A41A24D546430011FBA6 /* Assets.xcassets */ = {isa = PBXFileReference; lastKnownFileType = folder.assetcatalog; path = Assets.xcassets; sourceTree = "<group>"; };
		26C3A41D24D546430011FBA6 /* Base */ = {isa = PBXFileReference; lastKnownFileType = file.storyboard; name = Base; path = Base.lproj/LaunchScreen.storyboard; sourceTree = "<group>"; };
		26C3A41F24D546430011FBA6 /* Info.plist */ = {isa = PBXFileReference; lastKnownFileType = text.plist.xml; path = Info.plist; sourceTree = "<group>"; };
		26EEB61225A4B51A0072C3BC /* Submission1GameAppTests.xctest */ = {isa = PBXFileReference; explicitFileType = wrapper.cfbundle; includeInIndex = 0; path = Submission1GameAppTests.xctest; sourceTree = BUILT_PRODUCTS_DIR; };
		26EEB61425A4B51B0072C3BC /* Submission1GameAppTests.swift */ = {isa = PBXFileReference; lastKnownFileType = sourcecode.swift; path = Submission1GameAppTests.swift; sourceTree = "<group>"; };
		26EEB61625A4B51B0072C3BC /* Info.plist */ = {isa = PBXFileReference; lastKnownFileType = text.plist.xml; path = Info.plist; sourceTree = "<group>"; };
		26EEB62125A4B52E0072C3BC /* Submission1GameAppUITests.xctest */ = {isa = PBXFileReference; explicitFileType = wrapper.cfbundle; includeInIndex = 0; path = Submission1GameAppUITests.xctest; sourceTree = BUILT_PRODUCTS_DIR; };
		26EEB62325A4B52E0072C3BC /* Submission1GameAppUITests.swift */ = {isa = PBXFileReference; lastKnownFileType = sourcecode.swift; path = Submission1GameAppUITests.swift; sourceTree = "<group>"; };
		26EEB62525A4B52E0072C3BC /* Info.plist */ = {isa = PBXFileReference; lastKnownFileType = text.plist.xml; path = Info.plist; sourceTree = "<group>"; };
		969ECD30622FBF6321D40633 /* Pods-Submission1GameApp.release.xcconfig */ = {isa = PBXFileReference; includeInIndex = 1; lastKnownFileType = text.xcconfig; name = "Pods-Submission1GameApp.release.xcconfig"; path = "Target Support Files/Pods-Submission1GameApp/Pods-Submission1GameApp.release.xcconfig"; sourceTree = "<group>"; };
		BA291E6E8114D7DEDD5F3485 /* Pods-Submission1GameApp.debug.xcconfig */ = {isa = PBXFileReference; includeInIndex = 1; lastKnownFileType = text.xcconfig; name = "Pods-Submission1GameApp.debug.xcconfig"; path = "Target Support Files/Pods-Submission1GameApp/Pods-Submission1GameApp.debug.xcconfig"; sourceTree = "<group>"; };
/* End PBXFileReference section */

/* Begin PBXFrameworksBuildPhase section */
		26C3A40B24D546410011FBA6 /* Frameworks */ = {
			isa = PBXFrameworksBuildPhase;
			buildActionMask = 2147483647;
			files = (
				26425D3325A1CF0A007CED5A /* Pods_Submission1GameApp.framework in Frameworks */,
				26425D3625A1CF26007CED5A /* Games.framework in Frameworks */,
				26425D3925A1CF34007CED5A /* Favorite.framework in Frameworks */,
				26425D4C25A1CF3C007CED5A /* Profile.framework in Frameworks */,
				26425D3025A1CEFA007CED5A /* Core.framework in Frameworks */,
			);
			runOnlyForDeploymentPostprocessing = 0;
		};
		26EEB60F25A4B51A0072C3BC /* Frameworks */ = {
			isa = PBXFrameworksBuildPhase;
			buildActionMask = 2147483647;
			files = (
			);
			runOnlyForDeploymentPostprocessing = 0;
		};
		26EEB61E25A4B52E0072C3BC /* Frameworks */ = {
			isa = PBXFrameworksBuildPhase;
			buildActionMask = 2147483647;
			files = (
			);
			runOnlyForDeploymentPostprocessing = 0;
		};
/* End PBXFrameworksBuildPhase section */

/* Begin PBXGroup section */
		20D0E5A1C2F15AC595CDE350 /* Pods */ = {
			isa = PBXGroup;
			children = (
				BA291E6E8114D7DEDD5F3485 /* Pods-Submission1GameApp.debug.xcconfig */,
				969ECD30622FBF6321D40633 /* Pods-Submission1GameApp.release.xcconfig */,
			);
			path = Pods;
			sourceTree = "<group>";
		};
		266B27372561768E00D5D75E /* DI */ = {
			isa = PBXGroup;
			children = (
				266B2742256177C400D5D75E /* SwinjectStoryboard+Extention.swift */,
			);
			path = DI;
			sourceTree = "<group>";
		};
		266B274A2561823900D5D75E /* Utils */ = {
			isa = PBXGroup;
			children = (
				26C3A44124D548A10011FBA6 /* View */,
			);
			path = Utils;
			sourceTree = "<group>";
		};
		266B274D256182D300D5D75E /* Core */ = {
			isa = PBXGroup;
			children = (
				266B274A2561823900D5D75E /* Utils */,
				266B27372561768E00D5D75E /* DI */,
			);
			path = Core;
			sourceTree = "<group>";
		};
		266B274E256182DE00D5D75E /* Supporting FIles */ = {
			isa = PBXGroup;
			children = (
				26C3A41A24D546430011FBA6 /* Assets.xcassets */,
				26C3A41F24D546430011FBA6 /* Info.plist */,
			);
			path = "Supporting FIles";
			sourceTree = "<group>";
		};
		26C3A40524D546410011FBA6 = {
			isa = PBXGroup;
			children = (
				26C3A41024D546410011FBA6 /* Submission1GameApp */,
				26EEB61325A4B51B0072C3BC /* Submission1GameAppTests */,
				26EEB62225A4B52E0072C3BC /* Submission1GameAppUITests */,
				26C3A40F24D546410011FBA6 /* Products */,
				20D0E5A1C2F15AC595CDE350 /* Pods */,
				94EB9A45C54CB66C4BE3D897 /* Frameworks */,
			);
			sourceTree = "<group>";
		};
		26C3A40F24D546410011FBA6 /* Products */ = {
			isa = PBXGroup;
			children = (
				26C3A40E24D546410011FBA6 /* Submission1GameApp.app */,
				26EEB61225A4B51A0072C3BC /* Submission1GameAppTests.xctest */,
				26EEB62125A4B52E0072C3BC /* Submission1GameAppUITests.xctest */,
			);
			name = Products;
			sourceTree = "<group>";
		};
		26C3A41024D546410011FBA6 /* Submission1GameApp */ = {
			isa = PBXGroup;
			children = (
				266B274E256182DE00D5D75E /* Supporting FIles */,
				266B274D256182D300D5D75E /* Core */,
				26CEE752253D18660077F87A /* Base */,
			);
			path = Submission1GameApp;
			sourceTree = "<group>";
		};
		26C3A44124D548A10011FBA6 /* View */ = {
			isa = PBXGroup;
			children = (
				26C3A41724D546410011FBA6 /* Main.storyboard */,
				26C3A41C24D546430011FBA6 /* LaunchScreen.storyboard */,
			);
			path = View;
			sourceTree = "<group>";
		};
		26CEE752253D18660077F87A /* Base */ = {
			isa = PBXGroup;
			children = (
				26C3A41124D546410011FBA6 /* AppDelegate.swift */,
				26C3A41324D546410011FBA6 /* SceneDelegate.swift */,
			);
			path = Base;
			sourceTree = "<group>";
		};
		26EEB61325A4B51B0072C3BC /* Submission1GameAppTests */ = {
			isa = PBXGroup;
			children = (
				26EEB61425A4B51B0072C3BC /* Submission1GameAppTests.swift */,
				26EEB61625A4B51B0072C3BC /* Info.plist */,
			);
			path = Submission1GameAppTests;
			sourceTree = "<group>";
		};
		26EEB62225A4B52E0072C3BC /* Submission1GameAppUITests */ = {
			isa = PBXGroup;
			children = (
				26EEB62325A4B52E0072C3BC /* Submission1GameAppUITests.swift */,
				26EEB62525A4B52E0072C3BC /* Info.plist */,
			);
			path = Submission1GameAppUITests;
			sourceTree = "<group>";
		};
		94EB9A45C54CB66C4BE3D897 /* Frameworks */ = {
			isa = PBXGroup;
			children = (
				26425D4B25A1CF3C007CED5A /* Profile.framework */,
				26425D3825A1CF34007CED5A /* Favorite.framework */,
				26425D3525A1CF26007CED5A /* Games.framework */,
				26425D2F25A1CEFA007CED5A /* Core.framework */,
				22A92153EB5A896B92C4F236 /* Pods_Submission1GameApp.framework */,
			);
			name = Frameworks;
			sourceTree = "<group>";
		};
/* End PBXGroup section */

/* Begin PBXNativeTarget section */
		26C3A40D24D546410011FBA6 /* Submission1GameApp */ = {
			isa = PBXNativeTarget;
			buildConfigurationList = 26C3A43824D546430011FBA6 /* Build configuration list for PBXNativeTarget "Submission1GameApp" */;
			buildPhases = (
				74714D51C7D2E15E547841A9 /* [CP] Check Pods Manifest.lock */,
				26C3A40A24D546410011FBA6 /* Sources */,
				26C3A40B24D546410011FBA6 /* Frameworks */,
				26C3A40C24D546410011FBA6 /* Resources */,
				26C3A44424D54ACF0011FBA6 /* Swiftlint */,
				3364C00D31AC493855DDD190 /* [CP] Embed Pods Frameworks */,
				26425D3225A1CEFA007CED5A /* Embed Frameworks */,
			);
			buildRules = (
			);
			dependencies = (
			);
			name = Submission1GameApp;
			productName = Submission1GameApp;
			productReference = 26C3A40E24D546410011FBA6 /* Submission1GameApp.app */;
			productType = "com.apple.product-type.application";
		};
		26EEB61125A4B51A0072C3BC /* Submission1GameAppTests */ = {
			isa = PBXNativeTarget;
			buildConfigurationList = 26EEB61B25A4B51B0072C3BC /* Build configuration list for PBXNativeTarget "Submission1GameAppTests" */;
			buildPhases = (
				26EEB60E25A4B51A0072C3BC /* Sources */,
				26EEB60F25A4B51A0072C3BC /* Frameworks */,
				26EEB61025A4B51A0072C3BC /* Resources */,
			);
			buildRules = (
			);
			dependencies = (
				26EEB61825A4B51B0072C3BC /* PBXTargetDependency */,
			);
			name = Submission1GameAppTests;
			productName = Submission1GameAppTests;
			productReference = 26EEB61225A4B51A0072C3BC /* Submission1GameAppTests.xctest */;
			productType = "com.apple.product-type.bundle.unit-test";
		};
		26EEB62025A4B52E0072C3BC /* Submission1GameAppUITests */ = {
			isa = PBXNativeTarget;
			buildConfigurationList = 26EEB62825A4B52E0072C3BC /* Build configuration list for PBXNativeTarget "Submission1GameAppUITests" */;
			buildPhases = (
				26EEB61D25A4B52E0072C3BC /* Sources */,
				26EEB61E25A4B52E0072C3BC /* Frameworks */,
				26EEB61F25A4B52E0072C3BC /* Resources */,
			);
			buildRules = (
			);
			dependencies = (
				26EEB62725A4B52E0072C3BC /* PBXTargetDependency */,
			);
			name = Submission1GameAppUITests;
			productName = Submission1GameAppUITests;
			productReference = 26EEB62125A4B52E0072C3BC /* Submission1GameAppUITests.xctest */;
			productType = "com.apple.product-type.bundle.ui-testing";
		};
/* End PBXNativeTarget section */

/* Begin PBXProject section */
		26C3A40624D546410011FBA6 /* Project object */ = {
			isa = PBXProject;
			attributes = {
				LastSwiftUpdateCheck = 1200;
				LastUpgradeCheck = 1200;
				ORGANIZATIONNAME = izzudin;
				TargetAttributes = {
					26C3A40D24D546410011FBA6 = {
						CreatedOnToolsVersion = 11.5;
					};
					26EEB61125A4B51A0072C3BC = {
						CreatedOnToolsVersion = 12.0.1;
						TestTargetID = 26C3A40D24D546410011FBA6;
					};
					26EEB62025A4B52E0072C3BC = {
						CreatedOnToolsVersion = 12.0.1;
						TestTargetID = 26C3A40D24D546410011FBA6;
					};
				};
			};
			buildConfigurationList = 26C3A40924D546410011FBA6 /* Build configuration list for PBXProject "Submission1GameApp" */;
			compatibilityVersion = "Xcode 9.3";
			developmentRegion = en;
			hasScannedForEncodings = 0;
			knownRegions = (
				en,
				Base,
			);
			mainGroup = 26C3A40524D546410011FBA6;
			productRefGroup = 26C3A40F24D546410011FBA6 /* Products */;
			projectDirPath = "";
			projectRoot = "";
			targets = (
				26C3A40D24D546410011FBA6 /* Submission1GameApp */,
				26EEB61125A4B51A0072C3BC /* Submission1GameAppTests */,
				26EEB62025A4B52E0072C3BC /* Submission1GameAppUITests */,
			);
		};
/* End PBXProject section */

/* Begin PBXResourcesBuildPhase section */
		26C3A40C24D546410011FBA6 /* Resources */ = {
			isa = PBXResourcesBuildPhase;
			buildActionMask = 2147483647;
			files = (
				26C3A41E24D546430011FBA6 /* LaunchScreen.storyboard in Resources */,
				26C3A41B24D546430011FBA6 /* Assets.xcassets in Resources */,
				26C3A41924D546410011FBA6 /* Main.storyboard in Resources */,
			);
			runOnlyForDeploymentPostprocessing = 0;
		};
		26EEB61025A4B51A0072C3BC /* Resources */ = {
			isa = PBXResourcesBuildPhase;
			buildActionMask = 2147483647;
			files = (
			);
			runOnlyForDeploymentPostprocessing = 0;
		};
		26EEB61F25A4B52E0072C3BC /* Resources */ = {
			isa = PBXResourcesBuildPhase;
			buildActionMask = 2147483647;
			files = (
			);
			runOnlyForDeploymentPostprocessing = 0;
		};
/* End PBXResourcesBuildPhase section */

/* Begin PBXShellScriptBuildPhase section */
		26C3A44424D54ACF0011FBA6 /* Swiftlint */ = {
			isa = PBXShellScriptBuildPhase;
			buildActionMask = 2147483647;
			files = (
			);
			inputFileListPaths = (
			);
			inputPaths = (
			);
			name = Swiftlint;
			outputFileListPaths = (
			);
			outputPaths = (
			);
			runOnlyForDeploymentPostprocessing = 0;
			shellPath = /bin/sh;
			shellScript = "if which swiftlint >/dev/null; then\n  swiftlint\nelse\n  echo \"warning: SwiftLint not installed, download from https://github.com/realm/SwiftLint\"\nfi\n";
		};
		3364C00D31AC493855DDD190 /* [CP] Embed Pods Frameworks */ = {
			isa = PBXShellScriptBuildPhase;
			buildActionMask = 2147483647;
			files = (
			);
			inputFileListPaths = (
				"${PODS_ROOT}/Target Support Files/Pods-Submission1GameApp/Pods-Submission1GameApp-frameworks-${CONFIGURATION}-input-files.xcfilelist",
			);
			name = "[CP] Embed Pods Frameworks";
			outputFileListPaths = (
				"${PODS_ROOT}/Target Support Files/Pods-Submission1GameApp/Pods-Submission1GameApp-frameworks-${CONFIGURATION}-output-files.xcfilelist",
			);
			runOnlyForDeploymentPostprocessing = 0;
			shellPath = /bin/sh;
			shellScript = "\"${PODS_ROOT}/Target Support Files/Pods-Submission1GameApp/Pods-Submission1GameApp-frameworks.sh\"\n";
			showEnvVarsInLog = 0;
		};
		74714D51C7D2E15E547841A9 /* [CP] Check Pods Manifest.lock */ = {
			isa = PBXShellScriptBuildPhase;
			buildActionMask = 2147483647;
			files = (
			);
			inputFileListPaths = (
			);
			inputPaths = (
				"${PODS_PODFILE_DIR_PATH}/Podfile.lock",
				"${PODS_ROOT}/Manifest.lock",
			);
			name = "[CP] Check Pods Manifest.lock";
			outputFileListPaths = (
			);
			outputPaths = (
				"$(DERIVED_FILE_DIR)/Pods-Submission1GameApp-checkManifestLockResult.txt",
			);
			runOnlyForDeploymentPostprocessing = 0;
			shellPath = /bin/sh;
			shellScript = "diff \"${PODS_PODFILE_DIR_PATH}/Podfile.lock\" \"${PODS_ROOT}/Manifest.lock\" > /dev/null\nif [ $? != 0 ] ; then\n    # print error to STDERR\n    echo \"error: The sandbox is not in sync with the Podfile.lock. Run 'pod install' or update your CocoaPods installation.\" >&2\n    exit 1\nfi\n# This output is used by Xcode 'outputs' to avoid re-running this script phase.\necho \"SUCCESS\" > \"${SCRIPT_OUTPUT_FILE_0}\"\n";
			showEnvVarsInLog = 0;
		};
/* End PBXShellScriptBuildPhase section */

/* Begin PBXSourcesBuildPhase section */
		26C3A40A24D546410011FBA6 /* Sources */ = {
			isa = PBXSourcesBuildPhase;
			buildActionMask = 2147483647;
			files = (
				266B2743256177C400D5D75E /* SwinjectStoryboard+Extention.swift in Sources */,
				26C3A41224D546410011FBA6 /* AppDelegate.swift in Sources */,
				26C3A41424D546410011FBA6 /* SceneDelegate.swift in Sources */,
			);
			runOnlyForDeploymentPostprocessing = 0;
		};
		26EEB60E25A4B51A0072C3BC /* Sources */ = {
			isa = PBXSourcesBuildPhase;
			buildActionMask = 2147483647;
			files = (
				26EEB61525A4B51B0072C3BC /* Submission1GameAppTests.swift in Sources */,
			);
			runOnlyForDeploymentPostprocessing = 0;
		};
		26EEB61D25A4B52E0072C3BC /* Sources */ = {
			isa = PBXSourcesBuildPhase;
			buildActionMask = 2147483647;
			files = (
				26EEB62425A4B52E0072C3BC /* Submission1GameAppUITests.swift in Sources */,
			);
			runOnlyForDeploymentPostprocessing = 0;
		};
/* End PBXSourcesBuildPhase section */

/* Begin PBXTargetDependency section */
		26EEB61825A4B51B0072C3BC /* PBXTargetDependency */ = {
			isa = PBXTargetDependency;
			target = 26C3A40D24D546410011FBA6 /* Submission1GameApp */;
			targetProxy = 26EEB61725A4B51B0072C3BC /* PBXContainerItemProxy */;
		};
		26EEB62725A4B52E0072C3BC /* PBXTargetDependency */ = {
			isa = PBXTargetDependency;
			target = 26C3A40D24D546410011FBA6 /* Submission1GameApp */;
			targetProxy = 26EEB62625A4B52E0072C3BC /* PBXContainerItemProxy */;
		};
/* End PBXTargetDependency section */

/* Begin PBXVariantGroup section */
		26C3A41724D546410011FBA6 /* Main.storyboard */ = {
			isa = PBXVariantGroup;
			children = (
				26C3A41824D546410011FBA6 /* Base */,
			);
			name = Main.storyboard;
			sourceTree = "<group>";
		};
		26C3A41C24D546430011FBA6 /* LaunchScreen.storyboard */ = {
			isa = PBXVariantGroup;
			children = (
				26C3A41D24D546430011FBA6 /* Base */,
			);
			name = LaunchScreen.storyboard;
			sourceTree = "<group>";
		};
/* End PBXVariantGroup section */

/* Begin XCBuildConfiguration section */
		26C3A43624D546430011FBA6 /* Debug */ = {
			isa = XCBuildConfiguration;
			buildSettings = {
				ALWAYS_SEARCH_USER_PATHS = NO;
				CLANG_ANALYZER_NONNULL = YES;
				CLANG_ANALYZER_NUMBER_OBJECT_CONVERSION = YES_AGGRESSIVE;
				CLANG_CXX_LANGUAGE_STANDARD = "gnu++14";
				CLANG_CXX_LIBRARY = "libc++";
				CLANG_ENABLE_MODULES = YES;
				CLANG_ENABLE_OBJC_ARC = YES;
				CLANG_ENABLE_OBJC_WEAK = YES;
				CLANG_WARN_BLOCK_CAPTURE_AUTORELEASING = YES;
				CLANG_WARN_BOOL_CONVERSION = YES;
				CLANG_WARN_COMMA = YES;
				CLANG_WARN_CONSTANT_CONVERSION = YES;
				CLANG_WARN_DEPRECATED_OBJC_IMPLEMENTATIONS = YES;
				CLANG_WARN_DIRECT_OBJC_ISA_USAGE = YES_ERROR;
				CLANG_WARN_DOCUMENTATION_COMMENTS = YES;
				CLANG_WARN_EMPTY_BODY = YES;
				CLANG_WARN_ENUM_CONVERSION = YES;
				CLANG_WARN_INFINITE_RECURSION = YES;
				CLANG_WARN_INT_CONVERSION = YES;
				CLANG_WARN_NON_LITERAL_NULL_CONVERSION = YES;
				CLANG_WARN_OBJC_IMPLICIT_RETAIN_SELF = YES;
				CLANG_WARN_OBJC_LITERAL_CONVERSION = YES;
				CLANG_WARN_OBJC_ROOT_CLASS = YES_ERROR;
				CLANG_WARN_QUOTED_INCLUDE_IN_FRAMEWORK_HEADER = YES;
				CLANG_WARN_RANGE_LOOP_ANALYSIS = YES;
				CLANG_WARN_STRICT_PROTOTYPES = YES;
				CLANG_WARN_SUSPICIOUS_MOVE = YES;
				CLANG_WARN_UNGUARDED_AVAILABILITY = YES_AGGRESSIVE;
				CLANG_WARN_UNREACHABLE_CODE = YES;
				CLANG_WARN__DUPLICATE_METHOD_MATCH = YES;
				COPY_PHASE_STRIP = NO;
				DEBUG_INFORMATION_FORMAT = dwarf;
				ENABLE_STRICT_OBJC_MSGSEND = YES;
				ENABLE_TESTABILITY = YES;
				GCC_C_LANGUAGE_STANDARD = gnu11;
				GCC_DYNAMIC_NO_PIC = NO;
				GCC_NO_COMMON_BLOCKS = YES;
				GCC_OPTIMIZATION_LEVEL = 0;
				GCC_PREPROCESSOR_DEFINITIONS = (
					"DEBUG=1",
					"$(inherited)",
				);
				GCC_WARN_64_TO_32_BIT_CONVERSION = YES;
				GCC_WARN_ABOUT_RETURN_TYPE = YES_ERROR;
				GCC_WARN_UNDECLARED_SELECTOR = YES;
				GCC_WARN_UNINITIALIZED_AUTOS = YES_AGGRESSIVE;
				GCC_WARN_UNUSED_FUNCTION = YES;
				GCC_WARN_UNUSED_VARIABLE = YES;
				HEADER_SEARCH_PATHS = "$(SRCROOT)/Pods/**";
				IPHONEOS_DEPLOYMENT_TARGET = 13.5;
				LD_RUNPATH_SEARCH_PATHS = "";
				MTL_ENABLE_DEBUG_INFO = INCLUDE_SOURCE;
				MTL_FAST_MATH = YES;
				ONLY_ACTIVE_ARCH = YES;
				SDKROOT = iphoneos;
				SWIFT_ACTIVE_COMPILATION_CONDITIONS = DEBUG;
				SWIFT_OPTIMIZATION_LEVEL = "-Onone";
			};
			name = Debug;
		};
		26C3A43724D546430011FBA6 /* Release */ = {
			isa = XCBuildConfiguration;
			buildSettings = {
				ALWAYS_SEARCH_USER_PATHS = NO;
				CLANG_ANALYZER_NONNULL = YES;
				CLANG_ANALYZER_NUMBER_OBJECT_CONVERSION = YES_AGGRESSIVE;
				CLANG_CXX_LANGUAGE_STANDARD = "gnu++14";
				CLANG_CXX_LIBRARY = "libc++";
				CLANG_ENABLE_MODULES = YES;
				CLANG_ENABLE_OBJC_ARC = YES;
				CLANG_ENABLE_OBJC_WEAK = YES;
				CLANG_WARN_BLOCK_CAPTURE_AUTORELEASING = YES;
				CLANG_WARN_BOOL_CONVERSION = YES;
				CLANG_WARN_COMMA = YES;
				CLANG_WARN_CONSTANT_CONVERSION = YES;
				CLANG_WARN_DEPRECATED_OBJC_IMPLEMENTATIONS = YES;
				CLANG_WARN_DIRECT_OBJC_ISA_USAGE = YES_ERROR;
				CLANG_WARN_DOCUMENTATION_COMMENTS = YES;
				CLANG_WARN_EMPTY_BODY = YES;
				CLANG_WARN_ENUM_CONVERSION = YES;
				CLANG_WARN_INFINITE_RECURSION = YES;
				CLANG_WARN_INT_CONVERSION = YES;
				CLANG_WARN_NON_LITERAL_NULL_CONVERSION = YES;
				CLANG_WARN_OBJC_IMPLICIT_RETAIN_SELF = YES;
				CLANG_WARN_OBJC_LITERAL_CONVERSION = YES;
				CLANG_WARN_OBJC_ROOT_CLASS = YES_ERROR;
				CLANG_WARN_QUOTED_INCLUDE_IN_FRAMEWORK_HEADER = YES;
				CLANG_WARN_RANGE_LOOP_ANALYSIS = YES;
				CLANG_WARN_STRICT_PROTOTYPES = YES;
				CLANG_WARN_SUSPICIOUS_MOVE = YES;
				CLANG_WARN_UNGUARDED_AVAILABILITY = YES_AGGRESSIVE;
				CLANG_WARN_UNREACHABLE_CODE = YES;
				CLANG_WARN__DUPLICATE_METHOD_MATCH = YES;
				COPY_PHASE_STRIP = NO;
				DEBUG_INFORMATION_FORMAT = "dwarf-with-dsym";
				ENABLE_NS_ASSERTIONS = NO;
				ENABLE_STRICT_OBJC_MSGSEND = YES;
				GCC_C_LANGUAGE_STANDARD = gnu11;
				GCC_NO_COMMON_BLOCKS = YES;
				GCC_WARN_64_TO_32_BIT_CONVERSION = YES;
				GCC_WARN_ABOUT_RETURN_TYPE = YES_ERROR;
				GCC_WARN_UNDECLARED_SELECTOR = YES;
				GCC_WARN_UNINITIALIZED_AUTOS = YES_AGGRESSIVE;
				GCC_WARN_UNUSED_FUNCTION = YES;
				GCC_WARN_UNUSED_VARIABLE = YES;
				HEADER_SEARCH_PATHS = "$(SRCROOT)/Pods/**";
				IPHONEOS_DEPLOYMENT_TARGET = 13.5;
				LD_RUNPATH_SEARCH_PATHS = "";
				MTL_ENABLE_DEBUG_INFO = NO;
				MTL_FAST_MATH = YES;
				SDKROOT = iphoneos;
				SWIFT_COMPILATION_MODE = wholemodule;
				SWIFT_OPTIMIZATION_LEVEL = "-O";
				VALIDATE_PRODUCT = YES;
			};
			name = Release;
		};
		26C3A43924D546430011FBA6 /* Debug */ = {
			isa = XCBuildConfiguration;
			baseConfigurationReference = BA291E6E8114D7DEDD5F3485 /* Pods-Submission1GameApp.debug.xcconfig */;
			buildSettings = {
				ALWAYS_SEARCH_USER_PATHS = NO;
				ASSETCATALOG_COMPILER_APPICON_NAME = AppIcon;
				CODE_SIGN_STYLE = Automatic;
				DEVELOPMENT_TEAM = 89NPAW69XK;
				FRAMEWORK_SEARCH_PATHS = "$(inherited)";
				INFOPLIST_FILE = "Submission1GameApp/Supporting Files/Info.plist";
				LD_RUNPATH_SEARCH_PATHS = (
					"$(inherited)",
					"@executable_path/Frameworks",
				);
				PRODUCT_BUNDLE_IDENTIFIER = com.izudin.swiftui.Submission1GameApp;
				PRODUCT_NAME = "$(TARGET_NAME)";
				SWIFT_VERSION = 5.0;
				TARGETED_DEVICE_FAMILY = "1,2";
			};
			name = Debug;
		};
		26C3A43A24D546430011FBA6 /* Release */ = {
			isa = XCBuildConfiguration;
			baseConfigurationReference = 969ECD30622FBF6321D40633 /* Pods-Submission1GameApp.release.xcconfig */;
			buildSettings = {
				ALWAYS_SEARCH_USER_PATHS = NO;
				ASSETCATALOG_COMPILER_APPICON_NAME = AppIcon;
				CODE_SIGN_STYLE = Automatic;
				DEVELOPMENT_TEAM = 89NPAW69XK;
				FRAMEWORK_SEARCH_PATHS = "$(inherited)";
				INFOPLIST_FILE = "Submission1GameApp/Supporting Files/Info.plist";
				LD_RUNPATH_SEARCH_PATHS = (
					"$(inherited)",
					"@executable_path/Frameworks",
				);
				PRODUCT_BUNDLE_IDENTIFIER = com.izudin.swiftui.Submission1GameApp;
				PRODUCT_NAME = "$(TARGET_NAME)";
				SWIFT_VERSION = 5.0;
				TARGETED_DEVICE_FAMILY = "1,2";
			};
			name = Release;
		};
		26EEB61925A4B51B0072C3BC /* Debug */ = {
			isa = XCBuildConfiguration;
			buildSettings = {
				BUNDLE_LOADER = "$(TEST_HOST)";
				CODE_SIGN_STYLE = Automatic;
				INFOPLIST_FILE = Submission1GameAppTests/Info.plist;
				IPHONEOS_DEPLOYMENT_TARGET = 14.0;
				LD_RUNPATH_SEARCH_PATHS = (
					"$(inherited)",
					"@executable_path/Frameworks",
					"@loader_path/Frameworks",
				);
				PRODUCT_BUNDLE_IDENTIFIER = com.izudin.swift.Submission1GameAppTests;
				PRODUCT_NAME = "$(TARGET_NAME)";
				SWIFT_VERSION = 5.0;
				TARGETED_DEVICE_FAMILY = "1,2";
				TEST_HOST = "$(BUILT_PRODUCTS_DIR)/Submission1GameApp.app/Submission1GameApp";
			};
			name = Debug;
		};
		26EEB61A25A4B51B0072C3BC /* Release */ = {
			isa = XCBuildConfiguration;
			buildSettings = {
				BUNDLE_LOADER = "$(TEST_HOST)";
				CODE_SIGN_STYLE = Automatic;
				INFOPLIST_FILE = Submission1GameAppTests/Info.plist;
				IPHONEOS_DEPLOYMENT_TARGET = 14.0;
				LD_RUNPATH_SEARCH_PATHS = (
					"$(inherited)",
					"@executable_path/Frameworks",
					"@loader_path/Frameworks",
				);
				PRODUCT_BUNDLE_IDENTIFIER = com.izudin.swift.Submission1GameAppTests;
				PRODUCT_NAME = "$(TARGET_NAME)";
				SWIFT_VERSION = 5.0;
				TARGETED_DEVICE_FAMILY = "1,2";
				TEST_HOST = "$(BUILT_PRODUCTS_DIR)/Submission1GameApp.app/Submission1GameApp";
			};
			name = Release;
		};
		26EEB62925A4B52E0072C3BC /* Debug */ = {
			isa = XCBuildConfiguration;
			buildSettings = {
				CODE_SIGN_STYLE = Automatic;
				INFOPLIST_FILE = Submission1GameAppUITests/Info.plist;
				IPHONEOS_DEPLOYMENT_TARGET = 14.0;
				LD_RUNPATH_SEARCH_PATHS = (
					"$(inherited)",
					"@executable_path/Frameworks",
					"@loader_path/Frameworks",
				);
				PRODUCT_BUNDLE_IDENTIFIER = com.izudin.swift.Submission1GameAppUITests;
				PRODUCT_NAME = "$(TARGET_NAME)";
				SWIFT_VERSION = 5.0;
				TARGETED_DEVICE_FAMILY = "1,2";
				TEST_TARGET_NAME = Submission1GameApp;
			};
			name = Debug;
		};
		26EEB62A25A4B52E0072C3BC /* Release */ = {
			isa = XCBuildConfiguration;
			buildSettings = {
				CODE_SIGN_STYLE = Automatic;
				INFOPLIST_FILE = Submission1GameAppUITests/Info.plist;
				IPHONEOS_DEPLOYMENT_TARGET = 14.0;
				LD_RUNPATH_SEARCH_PATHS = (
					"$(inherited)",
					"@executable_path/Frameworks",
					"@loader_path/Frameworks",
				);
				PRODUCT_BUNDLE_IDENTIFIER = com.izudin.swift.Submission1GameAppUITests;
				PRODUCT_NAME = "$(TARGET_NAME)";
				SWIFT_VERSION = 5.0;
				TARGETED_DEVICE_FAMILY = "1,2";
				TEST_TARGET_NAME = Submission1GameApp;
			};
			name = Release;
		};
/* End XCBuildConfiguration section */

/* Begin XCConfigurationList section */
		26C3A40924D546410011FBA6 /* Build configuration list for PBXProject "Submission1GameApp" */ = {
			isa = XCConfigurationList;
			buildConfigurations = (
				26C3A43624D546430011FBA6 /* Debug */,
				26C3A43724D546430011FBA6 /* Release */,
			);
			defaultConfigurationIsVisible = 0;
			defaultConfigurationName = Release;
		};
		26C3A43824D546430011FBA6 /* Build configuration list for PBXNativeTarget "Submission1GameApp" */ = {
			isa = XCConfigurationList;
			buildConfigurations = (
				26C3A43924D546430011FBA6 /* Debug */,
				26C3A43A24D546430011FBA6 /* Release */,
			);
			defaultConfigurationIsVisible = 0;
			defaultConfigurationName = Release;
		};
		26EEB61B25A4B51B0072C3BC /* Build configuration list for PBXNativeTarget "Submission1GameAppTests" */ = {
			isa = XCConfigurationList;
			buildConfigurations = (
				26EEB61925A4B51B0072C3BC /* Debug */,
				26EEB61A25A4B51B0072C3BC /* Release */,
			);
			defaultConfigurationIsVisible = 0;
			defaultConfigurationName = Release;
		};
		26EEB62825A4B52E0072C3BC /* Build configuration list for PBXNativeTarget "Submission1GameAppUITests" */ = {
			isa = XCConfigurationList;
			buildConfigurations = (
				26EEB62925A4B52E0072C3BC /* Debug */,
				26EEB62A25A4B52E0072C3BC /* Release */,
			);
			defaultConfigurationIsVisible = 0;
			defaultConfigurationName = Release;
		};
/* End XCConfigurationList section */
	};
	rootObject = 26C3A40624D546410011FBA6 /* Project object */;
}
